
Microsoft Visual Studio Solution File, Format Version 12.00
# Visual Studio Version 17
VisualStudioVersion = 17.11.35303.130
MinimumVisualStudioVersion = 10.0.40219.1
Project("{9A19103F-16F7-4668-BE54-9A1E7A4F7556}") = "CSharpTests", "CSharpTests.csproj", "{5BD1B3AC-46C0-4DB5-AA4C-0E271196E4CC}"
EndProject
Project("{9A19103F-16F7-4668-BE54-9A1E7A4F7556}") = "CSharpGame", "..\CSharpGame\CSharpGame.csproj", "{7B55D759-DE98-4CAD-B353-706A32EADB21}"
EndProject
Global
	GlobalSection(SolutionConfigurationPlatforms) = preSolution
		Debug|Any CPU = Debug|Any CPU
		Release|Any CPU = Release|Any CPU
	EndGlobalSection
	GlobalSection(ProjectConfigurationPlatforms) = postSolution
		{5BD1B3AC-46C0-4DB5-AA4C-0E271196E4CC}.Debug|Any CPU.ActiveCfg = Debug|Any CPU
		{5BD1B3AC-46C0-4DB5-AA4C-0E271196E4CC}.Debug|Any CPU.Build.0 = Debug|Any CPU
		{5BD1B3AC-46C0-4DB5-AA4C-0E271196E4CC}.Release|Any CPU.ActiveCfg = Release|Any CPU
		{5BD1B3AC-46C0-4DB5-AA4C-0E271196E4CC}.Release|Any CPU.Build.0 = Release|Any CPU
		{7B55D759-DE98-4CAD-B353-706A32EADB21}.Debug|Any CPU.ActiveCfg = Debug|Any CPU
		{7B55D759-DE98-4CAD-B353-706A32EADB21}.Debug|Any CPU.Build.0 = Debug|Any CPU
		{7B55D759-DE98-4CAD-B353-706A32EADB21}.Release|Any CPU.ActiveCfg = Release|Any CPU
		{7B55D759-DE98-4CAD-B353-706A32EADB21}.Release|Any CPU.Build.0 = Release|Any CPU
	EndGlobalSection
	GlobalSection(SolutionProperties) = preSolution
		HideSolutionNode = FALSE
	EndGlobalSection
	GlobalSection(ExtensibilityGlobals) = postSolution
		SolutionGuid = {CDE368D8-B529-4184-8BFE-2775A5D3B356}
	EndGlobalSection
EndGlobal
